
Microsoft Visual Studio Solution File, Format Version 12.00
# Visual Studio 15
VisualStudioVersion = 15.0.27703.2042
MinimumVisualStudioVersion = 10.0.40219.1
Project("{9A19103F-16F7-4668-BE54-9A1E7A4F7556}") = "HHParser", "HHParser.csproj", "{1CD72037-C3BA-4D32-A3DE-57C86A9BB4E7}"
EndProject
Global
	GlobalSection(SolutionConfigurationPlatforms) = preSolution
		Debug|Any CPU = Debug|Any CPU
		Release|Any CPU = Release|Any CPU
	EndGlobalSection
	GlobalSection(ProjectConfigurationPlatforms) = postSolution
		{1CD72037-C3BA-4D32-A3DE-57C86A9BB4E7}.Debug|Any CPU.ActiveCfg = Debug|Any CPU
		{1CD72037-C3BA-4D32-A3DE-57C86A9BB4E7}.Debug|Any CPU.Build.0 = Debug|Any CPU
		{1CD72037-C3BA-4D32-A3DE-57C86A9BB4E7}.Release|Any CPU.ActiveCfg = Release|Any CPU
		{1CD72037-C3BA-4D32-A3DE-57C86A9BB4E7}.Release|Any CPU.Build.0 = Release|Any CPU
	EndGlobalSection
	GlobalSection(SolutionProperties) = preSolution
		HideSolutionNode = FALSE
	EndGlobalSection
	GlobalSection(ExtensibilityGlobals) = postSolution
		SolutionGuid = {9231887D-6E93-4595-B8C7-7BF9A302B02E}
	EndGlobalSection
EndGlobal
